2
git https://github.com/kivikakk/htmlentities.zig commit-b85de86198a34da5a5d9c07cb8489fbebd06023e
git https://github.com/kivikakk/koino commit-2fa2ba2485c744feae92dd527157e69f8709450c
git https://github.com/lun-4/zunicode commit-1d69c64b2c8a94d72f6a44ac4932dcf833a20926
git https://github.com/nektro/pcre-8.45 commit-10bc0a2fd91f3a40be9825738661f8748eb60e14
git https://github.com/lun-4/chrono-zig commit-0d7ba9e05217129c3369774262a3c0de00799d62
git https://github.com/lun-4/libpcre.zig commit-76688fbfb88be3d28fdada1ecbb87aacb6191f89
